
Microsoft Visual Studio Solution File, Format Version 12.00
# Visual Studio Version 16
VisualStudioVersion = 16.0.31005.135
MinimumVisualStudioVersion = 10.0.40219.1
Project("{FAE04EC0-301F-11D3-BF4B-00C04F79EFBC}") = "LongRunningSample", "LongRunningSample\LongRunningSample.csproj", "{D27C6F75-1CD9-4694-A8C9-EB3060D3FA51}"
EndProject
Global
	GlobalSection(SolutionConfigurationPlatforms) = preSolution
		Debug|Any CPU = Debug|Any CPU
		Release|Any CPU = Release|Any CPU
	EndGlobalSection
	GlobalSection(ProjectConfigurationPlatforms) = postSolution
		{D27C6F75-1CD9-4694-A8C9-EB3060D3FA51}.Debug|Any CPU.ActiveCfg = Debug|Any CPU
		{D27C6F75-1CD9-4694-A8C9-EB3060D3FA51}.Debug|Any CPU.Build.0 = Debug|Any CPU
		{D27C6F75-1CD9-4694-A8C9-EB3060D3FA51}.Release|Any CPU.ActiveCfg = Release|Any CPU
		{D27C6F75-1CD9-4694-A8C9-EB3060D3FA51}.Release|Any CPU.Build.0 = Release|Any CPU
	EndGlobalSection
	GlobalSection(SolutionProperties) = preSolution
		HideSolutionNode = FALSE
	EndGlobalSection
	GlobalSection(ExtensibilityGlobals) = postSolution
		SolutionGuid = {8D1375A0-7182-493C-B8EF-4F0A2B302D89}
	EndGlobalSection
EndGlobal
